
Microsoft Visual Studio Solution File, Format Version 12.00
# Visual Studio Version 17
VisualStudioVersion = 17.9.34616.47
MinimumVisualStudioVersion = 10.0.40219.1
Project("{9A19103F-16F7-4668-BE54-9A1E7A4F7556}") = "proyecto1", "proyecto1\proyecto1.csproj", "{2D161334-D582-4335-890E-77B408E1698E}"
EndProject
Project("{FAE04EC0-301F-11D3-BF4B-00C04F79EFBC}") = "WEBAPP", "WEBAPP\WEBAPP.csproj", "{2810E492-C639-4FCE-8D78-EB9C6F52A42D}"
EndProject
Global
	GlobalSection(SolutionConfigurationPlatforms) = preSolution
		Debug|Any CPU = Debug|Any CPU
		Release|Any CPU = Release|Any CPU
	EndGlobalSection
	GlobalSection(ProjectConfigurationPlatforms) = postSolution
		{2D161334-D582-4335-890E-77B408E1698E}.Debug|Any CPU.ActiveCfg = Debug|Any CPU
		{2D161334-D582-4335-890E-77B408E1698E}.Debug|Any CPU.Build.0 = Debug|Any CPU
		{2D161334-D582-4335-890E-77B408E1698E}.Release|Any CPU.ActiveCfg = Release|Any CPU
		{2D161334-D582-4335-890E-77B408E1698E}.Release|Any CPU.Build.0 = Release|Any CPU
		{2810E492-C639-4FCE-8D78-EB9C6F52A42D}.Debug|Any CPU.ActiveCfg = Debug|Any CPU
		{2810E492-C639-4FCE-8D78-EB9C6F52A42D}.Debug|Any CPU.Build.0 = Debug|Any CPU
		{2810E492-C639-4FCE-8D78-EB9C6F52A42D}.Release|Any CPU.ActiveCfg = Release|Any CPU
		{2810E492-C639-4FCE-8D78-EB9C6F52A42D}.Release|Any CPU.Build.0 = Release|Any CPU
	EndGlobalSection
	GlobalSection(SolutionProperties) = preSolution
		HideSolutionNode = FALSE
	EndGlobalSection
	GlobalSection(ExtensibilityGlobals) = postSolution
		SolutionGuid = {387081CD-4D31-4203-8D67-37AED65FCE02}
	EndGlobalSection
EndGlobal
